// !$*UTF8*$!
{
	archiveVersion = 1;
	classes = {
	};
	objectVersion = 46;
	objects = {

/* Begin PBXBuildFile section */
		4499DB2718DB645B00AB7732 /* LoginViewController.m in Sources */ = {isa = PBXBuildFile; fileRef = 4499DB2418DB645B00AB7732 /* LoginViewController.m */; };
		4499DB2818DB645B00AB7732 /* SignUpViewController.m in Sources */ = {isa = PBXBuildFile; fileRef = 4499DB2618DB645B00AB7732 /* SignUpViewController.m */; };
		4499DB2B18DB6C9600AB7732 /* RootViewController.m in Sources */ = {isa = PBXBuildFile; fileRef = 4499DB2A18DB6C9600AB7732 /* RootViewController.m */; };
		44AB80FE18BC4606009E18A9 /* Foundation.framework in Frameworks */ = {isa = PBXBuildFile; fileRef = 44AB80FD18BC4606009E18A9 /* Foundation.framework */; };
		44AB810018BC4606009E18A9 /* CoreGraphics.framework in Frameworks */ = {isa = PBXBuildFile; fileRef = 44AB80FF18BC4606009E18A9 /* CoreGraphics.framework */; };
		44AB810218BC4606009E18A9 /* UIKit.framework in Frameworks */ = {isa = PBXBuildFile; fileRef = 44AB810118BC4606009E18A9 /* UIKit.framework */; };
		44AB810418BC4606009E18A9 /* CoreData.framework in Frameworks */ = {isa = PBXBuildFile; fileRef = 44AB810318BC4606009E18A9 /* CoreData.framework */; };
		44AB810A18BC4606009E18A9 /* InfoPlist.strings in Resources */ = {isa = PBXBuildFile; fileRef = 44AB810818BC4606009E18A9 /* InfoPlist.strings */; };
		44AB810C18BC4606009E18A9 /* main.m in Sources */ = {isa = PBXBuildFile; fileRef = 44AB810B18BC4606009E18A9 /* main.m */; };
		44AB811018BC4606009E18A9 /* AppDelegate.m in Sources */ = {isa = PBXBuildFile; fileRef = 44AB810F18BC4606009E18A9 /* AppDelegate.m */; };
		44AB811318BC4606009E18A9 /* Main_iPhone.storyboard in Resources */ = {isa = PBXBuildFile; fileRef = 44AB811118BC4606009E18A9 /* Main_iPhone.storyboard */; };
		44AB811618BC4606009E18A9 /* Main_iPad.storyboard in Resources */ = {isa = PBXBuildFile; fileRef = 44AB811418BC4606009E18A9 /* Main_iPad.storyboard */; };
		44AB811918BC4606009E18A9 /* H2ODatabase.xcdatamodeld in Sources */ = {isa = PBXBuildFile; fileRef = 44AB811718BC4606009E18A9 /* H2ODatabase.xcdatamodeld */; };
		44AB811F18BC4606009E18A9 /* DetailViewController.m in Sources */ = {isa = PBXBuildFile; fileRef = 44AB811E18BC4606009E18A9 /* DetailViewController.m */; };
		44AB812118BC4606009E18A9 /* Images.xcassets in Resources */ = {isa = PBXBuildFile; fileRef = 44AB812018BC4606009E18A9 /* Images.xcassets */; };
		44AB812818BC4606009E18A9 /* XCTest.framework in Frameworks */ = {isa = PBXBuildFile; fileRef = 44AB812718BC4606009E18A9 /* XCTest.framework */; };
		44AB812918BC4606009E18A9 /* Foundation.framework in Frameworks */ = {isa = PBXBuildFile; fileRef = 44AB80FD18BC4606009E18A9 /* Foundation.framework */; };
		44AB812A18BC4606009E18A9 /* UIKit.framework in Frameworks */ = {isa = PBXBuildFile; fileRef = 44AB810118BC4606009E18A9 /* UIKit.framework */; };
		44AB812B18BC4606009E18A9 /* CoreData.framework in Frameworks */ = {isa = PBXBuildFile; fileRef = 44AB810318BC4606009E18A9 /* CoreData.framework */; };
		44AB813318BC4606009E18A9 /* InfoPlist.strings in Resources */ = {isa = PBXBuildFile; fileRef = 44AB813118BC4606009E18A9 /* InfoPlist.strings */; };
		44AB813518BC4606009E18A9 /* H2ODatabaseTests.m in Sources */ = {isa = PBXBuildFile; fileRef = 44AB813418BC4606009E18A9 /* H2ODatabaseTests.m */; };
		44AB813F18BC46CD009E18A9 /* Parse.framework in Frameworks */ = {isa = PBXBuildFile; fileRef = 44AB813E18BC46CD009E18A9 /* Parse.framework */; };
		44AB814218BC46E6009E18A9 /* YouthSpecialist.m in Sources */ = {isa = PBXBuildFile; fileRef = 44AB814118BC46E6009E18A9 /* YouthSpecialist.m */; };
		44AB814418BC4C12009E18A9 /* AudioToolbox.framework in Frameworks */ = {isa = PBXBuildFile; fileRef = 44AB814318BC4C12009E18A9 /* AudioToolbox.framework */; };
		44AB814618BC4C1A009E18A9 /* CFNetwork.framework in Frameworks */ = {isa = PBXBuildFile; fileRef = 44AB814518BC4C1A009E18A9 /* CFNetwork.framework */; };
		44AB814818BC4C2C009E18A9 /* CoreLocation.framework in Frameworks */ = {isa = PBXBuildFile; fileRef = 44AB814718BC4C2C009E18A9 /* CoreLocation.framework */; };
		44AB814A18BC4C42009E18A9 /* libz.dylib in Frameworks */ = {isa = PBXBuildFile; fileRef = 44AB814918BC4C42009E18A9 /* libz.dylib */; };
		44AB814C18BC4C53009E18A9 /* QuartzCore.framework in Frameworks */ = {isa = PBXBuildFile; fileRef = 44AB814B18BC4C53009E18A9 /* QuartzCore.framework */; };
		44AB814E18BC4C5F009E18A9 /* MobileCoreServices.framework in Frameworks */ = {isa = PBXBuildFile; fileRef = 44AB814D18BC4C5F009E18A9 /* MobileCoreServices.framework */; };
		44AB815018BC4C67009E18A9 /* Security.framework in Frameworks */ = {isa = PBXBuildFile; fileRef = 44AB814F18BC4C67009E18A9 /* Security.framework */; };
		44AB815218BC4C79009E18A9 /* SystemConfiguration.framework in Frameworks */ = {isa = PBXBuildFile; fileRef = 44AB815118BC4C79009E18A9 /* SystemConfiguration.framework */; };
		44AB815418BC4C87009E18A9 /* StoreKit.framework in Frameworks */ = {isa = PBXBuildFile; fileRef = 44AB815318BC4C87009E18A9 /* StoreKit.framework */; };
		44AB815718BC59FC009E18A9 /* ImpactTeamTableViewController.m in Sources */ = {isa = PBXBuildFile; fileRef = 44AB815618BC59FC009E18A9 /* ImpactTeamTableViewController.m */; };
/* End PBXBuildFile section */

/* Begin PBXContainerItemProxy section */
		44AB812C18BC4606009E18A9 /* PBXContainerItemProxy */ = {
			isa = PBXContainerItemProxy;
			containerPortal = 44AB80F218BC4606009E18A9 /* Project object */;
			proxyType = 1;
			remoteGlobalIDString = 44AB80F918BC4606009E18A9;
			remoteInfo = H2ODatabase;
		};
/* End PBXContainerItemProxy section */

/* Begin PBXFileReference section */
		4499DB2318DB645B00AB7732 /* LoginViewController.h */ = {isa = PBXFileReference; fileEncoding = 4; lastKnownFileType = sourcecode.c.h; path = LoginViewController.h; sourceTree = "<group>"; };
		4499DB2418DB645B00AB7732 /* LoginViewController.m */ = {isa = PBXFileReference; fileEncoding = 4; lastKnownFileType = sourcecode.c.objc; path = LoginViewController.m; sourceTree = "<group>"; };
		4499DB2518DB645B00AB7732 /* SignUpViewController.h */ = {isa = PBXFileReference; fileEncoding = 4; lastKnownFileType = sourcecode.c.h; path = SignUpViewController.h; sourceTree = "<group>"; };
		4499DB2618DB645B00AB7732 /* SignUpViewController.m */ = {isa = PBXFileReference; fileEncoding = 4; lastKnownFileType = sourcecode.c.objc; path = SignUpViewController.m; sourceTree = "<group>"; };
		4499DB2918DB6C9600AB7732 /* RootViewController.h */ = {isa = PBXFileReference; fileEncoding = 4; lastKnownFileType = sourcecode.c.h; path = RootViewController.h; sourceTree = "<group>"; };
		4499DB2A18DB6C9600AB7732 /* RootViewController.m */ = {isa = PBXFileReference; fileEncoding = 4; lastKnownFileType = sourcecode.c.objc; path = RootViewController.m; sourceTree = "<group>"; };
		44AB80FA18BC4606009E18A9 /* H2ODatabase.app */ = {isa = PBXFileReference; explicitFileType = wrapper.application; includeInIndex = 0; path = H2ODatabase.app; sourceTree = BUILT_PRODUCTS_DIR; };
		44AB80FD18BC4606009E18A9 /* Foundation.framework */ = {isa = PBXFileReference; lastKnownFileType = wrapper.framework; name = Foundation.framework; path = System/Library/Frameworks/Foundation.framework; sourceTree = SDKROOT; };
		44AB80FF18BC4606009E18A9 /* CoreGraphics.framework */ = {isa = PBXFileReference; lastKnownFileType = wrapper.framework; name = CoreGraphics.framework; path = System/Library/Frameworks/CoreGraphics.framework; sourceTree = SDKROOT; };
		44AB810118BC4606009E18A9 /* UIKit.framework */ = {isa = PBXFileReference; lastKnownFileType = wrapper.framework; name = UIKit.framework; path = System/Library/Frameworks/UIKit.framework; sourceTree = SDKROOT; };
		44AB810318BC4606009E18A9 /* CoreData.framework */ = {isa = PBXFileReference; lastKnownFileType = wrapper.framework; name = CoreData.framework; path = System/Library/Frameworks/CoreData.framework; sourceTree = SDKROOT; };
		44AB810718BC4606009E18A9 /* H2ODatabase-Info.plist */ = {isa = PBXFileReference; lastKnownFileType = text.plist.xml; path = "H2ODatabase-Info.plist"; sourceTree = "<group>"; };
		44AB810918BC4606009E18A9 /* en */ = {isa = PBXFileReference; lastKnownFileType = text.plist.strings; name = en; path = en.lproj/InfoPlist.strings; sourceTree = "<group>"; };
		44AB810B18BC4606009E18A9 /* main.m */ = {isa = PBXFileReference; lastKnownFileType = sourcecode.c.objc; path = main.m; sourceTree = "<group>"; };
		44AB810D18BC4606009E18A9 /* H2ODatabase-Prefix.pch */ = {isa = PBXFileReference; lastKnownFileType = sourcecode.c.h; path = "H2ODatabase-Prefix.pch"; sourceTree = "<group>"; };
		44AB810E18BC4606009E18A9 /* AppDelegate.h */ = {isa = PBXFileReference; lastKnownFileType = sourcecode.c.h; path = AppDelegate.h; sourceTree = "<group>"; };
		44AB810F18BC4606009E18A9 /* AppDelegate.m */ = {isa = PBXFileReference; lastKnownFileType = sourcecode.c.objc; path = AppDelegate.m; sourceTree = "<group>"; };
		44AB811218BC4606009E18A9 /* Base */ = {isa = PBXFileReference; lastKnownFileType = file.storyboard; name = Base; path = Base.lproj/Main_iPhone.storyboard; sourceTree = "<group>"; };
		44AB811518BC4606009E18A9 /* Base */ = {isa = PBXFileReference; lastKnownFileType = file.storyboard; name = Base; path = Base.lproj/Main_iPad.storyboard; sourceTree = "<group>"; };
		44AB811818BC4606009E18A9 /* H2ODatabase.xcdatamodel */ = {isa = PBXFileReference; lastKnownFileType = wrapper.xcdatamodel; path = H2ODatabase.xcdatamodel; sourceTree = "<group>"; };
		44AB811D18BC4606009E18A9 /* DetailViewController.h */ = {isa = PBXFileReference; lastKnownFileType = sourcecode.c.h; path = DetailViewController.h; sourceTree = "<group>"; };
		44AB811E18BC4606009E18A9 /* DetailViewController.m */ = {isa = PBXFileReference; lastKnownFileType = sourcecode.c.objc; path = DetailViewController.m; sourceTree = "<group>"; };
		44AB812018BC4606009E18A9 /* Images.xcassets */ = {isa = PBXFileReference; lastKnownFileType = folder.assetcatalog; path = Images.xcassets; sourceTree = "<group>"; };
		44AB812618BC4606009E18A9 /* H2ODatabaseTests.xctest */ = {isa = PBXFileReference; explicitFileType = wrapper.cfbundle; includeInIndex = 0; path = H2ODatabaseTests.xctest; sourceTree = BUILT_PRODUCTS_DIR; };
		44AB812718BC4606009E18A9 /* XCTest.framework */ = {isa = PBXFileReference; lastKnownFileType = wrapper.framework; name = XCTest.framework; path = Library/Frameworks/XCTest.framework; sourceTree = DEVELOPER_DIR; };
		44AB813018BC4606009E18A9 /* H2ODatabaseTests-Info.plist */ = {isa = PBXFileReference; lastKnownFileType = text.plist.xml; path = "H2ODatabaseTests-Info.plist"; sourceTree = "<group>"; };
		44AB813218BC4606009E18A9 /* en */ = {isa = PBXFileReference; lastKnownFileType = text.plist.strings; name = en; path = en.lproj/InfoPlist.strings; sourceTree = "<group>"; };
		44AB813418BC4606009E18A9 /* H2ODatabaseTests.m */ = {isa = PBXFileReference; lastKnownFileType = sourcecode.c.objc; path = H2ODatabaseTests.m; sourceTree = "<group>"; };
		44AB813E18BC46CD009E18A9 /* Parse.framework */ = {isa = PBXFileReference; lastKnownFileType = wrapper.framework; path = Parse.framework; sourceTree = "<group>"; };
		44AB814018BC46E6009E18A9 /* YouthSpecialist.h */ = {isa = PBXFileReference; fileEncoding = 4; lastKnownFileType = sourcecode.c.h; path = YouthSpecialist.h; sourceTree = "<group>"; };
		44AB814118BC46E6009E18A9 /* YouthSpecialist.m */ = {isa = PBXFileReference; fileEncoding = 4; lastKnownFileType = sourcecode.c.objc; path = YouthSpecialist.m; sourceTree = "<group>"; };
		44AB814318BC4C12009E18A9 /* AudioToolbox.framework */ = {isa = PBXFileReference; lastKnownFileType = wrapper.framework; name = AudioToolbox.framework; path = System/Library/Frameworks/AudioToolbox.framework; sourceTree = SDKROOT; };
		44AB814518BC4C1A009E18A9 /* CFNetwork.framework */ = {isa = PBXFileReference; lastKnownFileType = wrapper.framework; name = CFNetwork.framework; path = System/Library/Frameworks/CFNetwork.framework; sourceTree = SDKROOT; };
		44AB814718BC4C2C009E18A9 /* CoreLocation.framework */ = {isa = PBXFileReference; lastKnownFileType = wrapper.framework; name = CoreLocation.framework; path = System/Library/Frameworks/CoreLocation.framework; sourceTree = SDKROOT; };
		44AB814918BC4C42009E18A9 /* libz.dylib */ = {isa = PBXFileReference; lastKnownFileType = "compiled.mach-o.dylib"; name = libz.dylib; path = usr/lib/libz.dylib; sourceTree = SDKROOT; };
		44AB814B18BC4C53009E18A9 /* QuartzCore.framework */ = {isa = PBXFileReference; lastKnownFileType = wrapper.framework; name = QuartzCore.framework; path = System/Library/Frameworks/QuartzCore.framework; sourceTree = SDKROOT; };
		44AB814D18BC4C5F009E18A9 /* MobileCoreServices.framework */ = {isa = PBXFileReference; lastKnownFileType = wrapper.framework; name = MobileCoreServices.framework; path = System/Library/Frameworks/MobileCoreServices.framework; sourceTree = SDKROOT; };
		44AB814F18BC4C67009E18A9 /* Security.framework */ = {isa = PBXFileReference; lastKnownFileType = wrapper.framework; name = Security.framework; path = System/Library/Frameworks/Security.framework; sourceTree = SDKROOT; };
		44AB815118BC4C79009E18A9 /* SystemConfiguration.framework */ = {isa = PBXFileReference; lastKnownFileType = wrapper.framework; name = SystemConfiguration.framework; path = System/Library/Frameworks/SystemConfiguration.framework; sourceTree = SDKROOT; };
		44AB815318BC4C87009E18A9 /* StoreKit.framework */ = {isa = PBXFileReference; lastKnownFileType = wrapper.framework; name = StoreKit.framework; path = System/Library/Frameworks/StoreKit.framework; sourceTree = SDKROOT; };
		44AB815518BC59FC009E18A9 /* ImpactTeamTableViewController.h */ = {isa = PBXFileReference; fileEncoding = 4; lastKnownFileType = sourcecode.c.h; path = ImpactTeamTableViewController.h; sourceTree = "<group>"; };
		44AB815618BC59FC009E18A9 /* ImpactTeamTableViewController.m */ = {isa = PBXFileReference; fileEncoding = 4; lastKnownFileType = sourcecode.c.objc; path = ImpactTeamTableViewController.m; sourceTree = "<group>"; };
/* End PBXFileReference section */

/* Begin PBXFrameworksBuildPhase section */
		44AB80F718BC4606009E18A9 /* Frameworks */ = {
			isa = PBXFrameworksBuildPhase;
			buildActionMask = 2147483647;
			files = (
				44AB815418BC4C87009E18A9 /* StoreKit.framework in Frameworks */,
				44AB815218BC4C79009E18A9 /* SystemConfiguration.framework in Frameworks */,
				44AB815018BC4C67009E18A9 /* Security.framework in Frameworks */,
				44AB814E18BC4C5F009E18A9 /* MobileCoreServices.framework in Frameworks */,
				44AB814C18BC4C53009E18A9 /* QuartzCore.framework in Frameworks */,
				44AB814A18BC4C42009E18A9 /* libz.dylib in Frameworks */,
				44AB814818BC4C2C009E18A9 /* CoreLocation.framework in Frameworks */,
				44AB814618BC4C1A009E18A9 /* CFNetwork.framework in Frameworks */,
				44AB814418BC4C12009E18A9 /* AudioToolbox.framework in Frameworks */,
				44AB813F18BC46CD009E18A9 /* Parse.framework in Frameworks */,
				44AB810018BC4606009E18A9 /* CoreGraphics.framework in Frameworks */,
				44AB810418BC4606009E18A9 /* CoreData.framework in Frameworks */,
				44AB810218BC4606009E18A9 /* UIKit.framework in Frameworks */,
				44AB80FE18BC4606009E18A9 /* Foundation.framework in Frameworks */,
			);
			runOnlyForDeploymentPostprocessing = 0;
		};
		44AB812318BC4606009E18A9 /* Frameworks */ = {
			isa = PBXFrameworksBuildPhase;
			buildActionMask = 2147483647;
			files = (
				44AB812818BC4606009E18A9 /* XCTest.framework in Frameworks */,
				44AB812B18BC4606009E18A9 /* CoreData.framework in Frameworks */,
				44AB812A18BC4606009E18A9 /* UIKit.framework in Frameworks */,
				44AB812918BC4606009E18A9 /* Foundation.framework in Frameworks */,
			);
			runOnlyForDeploymentPostprocessing = 0;
		};
/* End PBXFrameworksBuildPhase section */

/* Begin PBXGroup section */
		4499DB2218DB644300AB7732 /* ParseControllers */ = {
			isa = PBXGroup;
			children = (
				4499DB2318DB645B00AB7732 /* LoginViewController.h */,
				4499DB2418DB645B00AB7732 /* LoginViewController.m */,
				4499DB2518DB645B00AB7732 /* SignUpViewController.h */,
				4499DB2618DB645B00AB7732 /* SignUpViewController.m */,
			);
			name = ParseControllers;
			sourceTree = "<group>";
		};
		44AB80F118BC4606009E18A9 = {
			isa = PBXGroup;
			children = (
				44AB810518BC4606009E18A9 /* H2ODatabase */,
				44AB812E18BC4606009E18A9 /* H2ODatabaseTests */,
				44AB80FC18BC4606009E18A9 /* Frameworks */,
				44AB80FB18BC4606009E18A9 /* Products */,
			);
			sourceTree = "<group>";
		};
		44AB80FB18BC4606009E18A9 /* Products */ = {
			isa = PBXGroup;
			children = (
				44AB80FA18BC4606009E18A9 /* H2ODatabase.app */,
				44AB812618BC4606009E18A9 /* H2ODatabaseTests.xctest */,
			);
			name = Products;
			sourceTree = "<group>";
		};
		44AB80FC18BC4606009E18A9 /* Frameworks */ = {
			isa = PBXGroup;
			children = (
				44AB815318BC4C87009E18A9 /* StoreKit.framework */,
				44AB815118BC4C79009E18A9 /* SystemConfiguration.framework */,
				44AB814F18BC4C67009E18A9 /* Security.framework */,
				44AB814D18BC4C5F009E18A9 /* MobileCoreServices.framework */,
				44AB814B18BC4C53009E18A9 /* QuartzCore.framework */,
				44AB814918BC4C42009E18A9 /* libz.dylib */,
				44AB814718BC4C2C009E18A9 /* CoreLocation.framework */,
				44AB814518BC4C1A009E18A9 /* CFNetwork.framework */,
				44AB814318BC4C12009E18A9 /* AudioToolbox.framework */,
				44AB813E18BC46CD009E18A9 /* Parse.framework */,
				44AB80FD18BC4606009E18A9 /* Foundation.framework */,
				44AB80FF18BC4606009E18A9 /* CoreGraphics.framework */,
				44AB810118BC4606009E18A9 /* UIKit.framework */,
				44AB810318BC4606009E18A9 /* CoreData.framework */,
				44AB812718BC4606009E18A9 /* XCTest.framework */,
			);
			name = Frameworks;
			sourceTree = "<group>";
		};
		44AB810518BC4606009E18A9 /* H2ODatabase */ = {
			isa = PBXGroup;
			children = (
				44AB810E18BC4606009E18A9 /* AppDelegate.h */,
				44AB810F18BC4606009E18A9 /* AppDelegate.m */,
				44AB811118BC4606009E18A9 /* Main_iPhone.storyboard */,
				44AB811418BC4606009E18A9 /* Main_iPad.storyboard */,
				44AB811D18BC4606009E18A9 /* DetailViewController.h */,
				44AB811E18BC4606009E18A9 /* DetailViewController.m */,
				44AB812018BC4606009E18A9 /* Images.xcassets */,
				44AB811718BC4606009E18A9 /* H2ODatabase.xcdatamodeld */,
				44AB810618BC4606009E18A9 /* Supporting Files */,
				44AB814018BC46E6009E18A9 /* YouthSpecialist.h */,
				44AB814118BC46E6009E18A9 /* YouthSpecialist.m */,
				44AB815518BC59FC009E18A9 /* ImpactTeamTableViewController.h */,
				44AB815618BC59FC009E18A9 /* ImpactTeamTableViewController.m */,
			);
			path = H2ODatabase;
			sourceTree = "<group>";
		};
		44AB810618BC4606009E18A9 /* Supporting Files */ = {
			isa = PBXGroup;
			children = (
				4499DB2218DB644300AB7732 /* ParseControllers */,
				44AB810718BC4606009E18A9 /* H2ODatabase-Info.plist */,
				44AB810818BC4606009E18A9 /* InfoPlist.strings */,
				44AB810B18BC4606009E18A9 /* main.m */,
				44AB810D18BC4606009E18A9 /* H2ODatabase-Prefix.pch */,
				4499DB2918DB6C9600AB7732 /* RootViewController.h */,
				4499DB2A18DB6C9600AB7732 /* RootViewController.m */,
			);
			name = "Supporting Files";
			sourceTree = "<group>";
		};
		44AB812E18BC4606009E18A9 /* H2ODatabaseTests */ = {
			isa = PBXGroup;
			children = (
				44AB813418BC4606009E18A9 /* H2ODatabaseTests.m */,
				44AB812F18BC4606009E18A9 /* Supporting Files */,
			);
			path = H2ODatabaseTests;
			sourceTree = "<group>";
		};
		44AB812F18BC4606009E18A9 /* Supporting Files */ = {
			isa = PBXGroup;
			children = (
				44AB813018BC4606009E18A9 /* H2ODatabaseTests-Info.plist */,
				44AB813118BC4606009E18A9 /* InfoPlist.strings */,
			);
			name = "Supporting Files";
			sourceTree = "<group>";
		};
/* End PBXGroup section */

/* Begin PBXNativeTarget section */
		44AB80F918BC4606009E18A9 /* H2ODatabase */ = {
			isa = PBXNativeTarget;
			buildConfigurationList = 44AB813818BC4606009E18A9 /* Build configuration list for PBXNativeTarget "H2ODatabase" */;
			buildPhases = (
				44AB80F618BC4606009E18A9 /* Sources */,
				44AB80F718BC4606009E18A9 /* Frameworks */,
				44AB80F818BC4606009E18A9 /* Resources */,
			);
			buildRules = (
			);
			dependencies = (
			);
			name = H2ODatabase;
			productName = H2ODatabase;
			productReference = 44AB80FA18BC4606009E18A9 /* H2ODatabase.app */;
			productType = "com.apple.product-type.application";
		};
		44AB812518BC4606009E18A9 /* H2ODatabaseTests */ = {
			isa = PBXNativeTarget;
			buildConfigurationList = 44AB813B18BC4606009E18A9 /* Build configuration list for PBXNativeTarget "H2ODatabaseTests" */;
			buildPhases = (
				44AB812218BC4606009E18A9 /* Sources */,
				44AB812318BC4606009E18A9 /* Frameworks */,
				44AB812418BC4606009E18A9 /* Resources */,
			);
			buildRules = (
			);
			dependencies = (
				44AB812D18BC4606009E18A9 /* PBXTargetDependency */,
			);
			name = H2ODatabaseTests;
			productName = H2ODatabaseTests;
			productReference = 44AB812618BC4606009E18A9 /* H2ODatabaseTests.xctest */;
			productType = "com.apple.product-type.bundle.unit-test";
		};
/* End PBXNativeTarget section */

/* Begin PBXProject section */
		44AB80F218BC4606009E18A9 /* Project object */ = {
			isa = PBXProject;
			attributes = {
				LastUpgradeCheck = 0500;
				ORGANIZATIONNAME = "Angel Olivera";
				TargetAttributes = {
					44AB812518BC4606009E18A9 = {
						TestTargetID = 44AB80F918BC4606009E18A9;
					};
				};
			};
			buildConfigurationList = 44AB80F518BC4606009E18A9 /* Build configuration list for PBXProject "H2ODatabase" */;
			compatibilityVersion = "Xcode 3.2";
			developmentRegion = English;
			hasScannedForEncodings = 0;
			knownRegions = (
				en,
				Base,
			);
			mainGroup = 44AB80F118BC4606009E18A9;
			productRefGroup = 44AB80FB18BC4606009E18A9 /* Products */;
			projectDirPath = "";
			projectRoot = "";
			targets = (
				44AB80F918BC4606009E18A9 /* H2ODatabase */,
				44AB812518BC4606009E18A9 /* H2ODatabaseTests */,
			);
		};
/* End PBXProject section */

/* Begin PBXResourcesBuildPhase section */
		44AB80F818BC4606009E18A9 /* Resources */ = {
			isa = PBXResourcesBuildPhase;
			buildActionMask = 2147483647;
			files = (
				44AB811618BC4606009E18A9 /* Main_iPad.storyboard in Resources */,
				44AB812118BC4606009E18A9 /* Images.xcassets in Resources */,
				44AB811318BC4606009E18A9 /* Main_iPhone.storyboard in Resources */,
				44AB810A18BC4606009E18A9 /* InfoPlist.strings in Resources */,
			);
			runOnlyForDeploymentPostprocessing = 0;
		};
		44AB812418BC4606009E18A9 /* Resources */ = {
			isa = PBXResourcesBuildPhase;
			buildActionMask = 2147483647;
			files = (
				44AB813318BC4606009E18A9 /* InfoPlist.strings in Resources */,
			);
			runOnlyForDeploymentPostprocessing = 0;
		};
/* End PBXResourcesBuildPhase section */

/* Begin PBXSourcesBuildPhase section */
		44AB80F618BC4606009E18A9 /* Sources */ = {
			isa = PBXSourcesBuildPhase;
			buildActionMask = 2147483647;
			files = (
				44AB815718BC59FC009E18A9 /* ImpactTeamTableViewController.m in Sources */,
				44AB811F18BC4606009E18A9 /* DetailViewController.m in Sources */,
				44AB811918BC4606009E18A9 /* H2ODatabase.xcdatamodeld in Sources */,
				44AB811018BC4606009E18A9 /* AppDelegate.m in Sources */,
				4499DB2718DB645B00AB7732 /* LoginViewController.m in Sources */,
				4499DB2B18DB6C9600AB7732 /* RootViewController.m in Sources */,
				44AB814218BC46E6009E18A9 /* YouthSpecialist.m in Sources */,
				4499DB2818DB645B00AB7732 /* SignUpViewController.m in Sources */,
				44AB810C18BC4606009E18A9 /* main.m in Sources */,
			);
			runOnlyForDeploymentPostprocessing = 0;
		};
		44AB812218BC4606009E18A9 /* Sources */ = {
			isa = PBXSourcesBuildPhase;
			buildActionMask = 2147483647;
			files = (
				44AB813518BC4606009E18A9 /* H2ODatabaseTests.m in Sources */,
			);
			runOnlyForDeploymentPostprocessing = 0;
		};
/* End PBXSourcesBuildPhase section */

/* Begin PBXTargetDependency section */
		44AB812D18BC4606009E18A9 /* PBXTargetDependency */ = {
			isa = PBXTargetDependency;
			target = 44AB80F918BC4606009E18A9 /* H2ODatabase */;
			targetProxy = 44AB812C18BC4606009E18A9 /* PBXContainerItemProxy */;
		};
/* End PBXTargetDependency section */

/* Begin PBXVariantGroup section */
		44AB810818BC4606009E18A9 /* InfoPlist.strings */ = {
			isa = PBXVariantGroup;
			children = (
				44AB810918BC4606009E18A9 /* en */,
			);
			name = InfoPlist.strings;
			sourceTree = "<group>";
		};
		44AB811118BC4606009E18A9 /* Main_iPhone.storyboard */ = {
			isa = PBXVariantGroup;
			children = (
				44AB811218BC4606009E18A9 /* Base */,
			);
			name = Main_iPhone.storyboard;
			sourceTree = "<group>";
		};
		44AB811418BC4606009E18A9 /* Main_iPad.storyboard */ = {
			isa = PBXVariantGroup;
			children = (
				44AB811518BC4606009E18A9 /* Base */,
			);
			name = Main_iPad.storyboard;
			sourceTree = "<group>";
		};
		44AB813118BC4606009E18A9 /* InfoPlist.strings */ = {
			isa = PBXVariantGroup;
			children = (
				44AB813218BC4606009E18A9 /* en */,
			);
			name = InfoPlist.strings;
			sourceTree = "<group>";
		};
/* End PBXVariantGroup section */

/* Begin XCBuildConfiguration section */
		44AB813618BC4606009E18A9 /* Debug */ = {
			isa = XCBuildConfiguration;
			buildSettings = {
				ALWAYS_SEARCH_USER_PATHS = NO;
				ARCHS = "$(ARCHS_STANDARD_INCLUDING_64_BIT)";
				CLANG_CXX_LANGUAGE_STANDARD = "gnu++0x";
				CLANG_CXX_LIBRARY = "libc++";
				CLANG_ENABLE_MODULES = YES;
				CLANG_ENABLE_OBJC_ARC = YES;
				CLANG_WARN_BOOL_CONVERSION = YES;
				CLANG_WARN_CONSTANT_CONVERSION = YES;
				CLANG_WARN_DIRECT_OBJC_ISA_USAGE = YES_ERROR;
				CLANG_WARN_EMPTY_BODY = YES;
				CLANG_WARN_ENUM_CONVERSION = YES;
				CLANG_WARN_INT_CONVERSION = YES;
				CLANG_WARN_OBJC_ROOT_CLASS = YES_ERROR;
				CLANG_WARN__DUPLICATE_METHOD_MATCH = YES;
				"CODE_SIGN_IDENTITY[sdk=iphoneos*]" = "iPhone Developer";
				COPY_PHASE_STRIP = NO;
				GCC_C_LANGUAGE_STANDARD = gnu99;
				GCC_DYNAMIC_NO_PIC = NO;
				GCC_OPTIMIZATION_LEVEL = 0;
				GCC_PREPROCESSOR_DEFINITIONS = (
					"DEBUG=1",
					"$(inherited)",
				);
				GCC_SYMBOLS_PRIVATE_EXTERN = NO;
				GCC_WARN_64_TO_32_BIT_CONVERSION = YES;
				GCC_WARN_ABOUT_RETURN_TYPE = YES_ERROR;
				GCC_WARN_UNDECLARED_SELECTOR = YES;
				GCC_WARN_UNINITIALIZED_AUTOS = YES;
				GCC_WARN_UNUSED_FUNCTION = YES;
				GCC_WARN_UNUSED_VARIABLE = YES;
				IPHONEOS_DEPLOYMENT_TARGET = 7.0;
				ONLY_ACTIVE_ARCH = YES;
				SDKROOT = iphoneos;
				TARGETED_DEVICE_FAMILY = "1,2";
			};
			name = Debug;
		};
		44AB813718BC4606009E18A9 /* Release */ = {
			isa = XCBuildConfiguration;
			buildSettings = {
				ALWAYS_SEARCH_USER_PATHS = NO;
				ARCHS = "$(ARCHS_STANDARD_INCLUDING_64_BIT)";
				CLANG_CXX_LANGUAGE_STANDARD = "gnu++0x";
				CLANG_CXX_LIBRARY = "libc++";
				CLANG_ENABLE_MODULES = YES;
				CLANG_ENABLE_OBJC_ARC = YES;
				CLANG_WARN_BOOL_CONVERSION = YES;
				CLANG_WARN_CONSTANT_CONVERSION = YES;
				CLANG_WARN_DIRECT_OBJC_ISA_USAGE = YES_ERROR;
				CLANG_WARN_EMPTY_BODY = YES;
				CLANG_WARN_ENUM_CONVERSION = YES;
				CLANG_WARN_INT_CONVERSION = YES;
				CLANG_WARN_OBJC_ROOT_CLASS = YES_ERROR;
				CLANG_WARN__DUPLICATE_METHOD_MATCH = YES;
				"CODE_SIGN_IDENTITY[sdk=iphoneos*]" = "iPhone Developer";
				COPY_PHASE_STRIP = YES;
				ENABLE_NS_ASSERTIONS = NO;
				GCC_C_LANGUAGE_STANDARD = gnu99;
				GCC_WARN_64_TO_32_BIT_CONVERSION = YES;
				GCC_WARN_ABOUT_RETURN_TYPE = YES_ERROR;
				GCC_WARN_UNDECLARED_SELECTOR = YES;
				GCC_WARN_UNINITIALIZED_AUTOS = YES;
				GCC_WARN_UNUSED_FUNCTION = YES;
				GCC_WARN_UNUSED_VARIABLE = YES;
				IPHONEOS_DEPLOYMENT_TARGET = 7.0;
				SDKROOT = iphoneos;
				TARGETED_DEVICE_FAMILY = "1,2";
				VALIDATE_PRODUCT = YES;
			};
			name = Release;
		};
		44AB813918BC4606009E18A9 /* Debug */ = {
			isa = XCBuildConfiguration;
			buildSettings = {
				ASSETCATALOG_COMPILER_APPICON_NAME = AppIcon;
				ASSETCATALOG_COMPILER_LAUNCHIMAGE_NAME = LaunchImage;
				FRAMEWORK_SEARCH_PATHS = (
					"$(inherited)",
					/Users/angelolivera/Desktop/H2ODatabase,
				);
				GCC_PRECOMPILE_PREFIX_HEADER = YES;
				GCC_PREFIX_HEADER = "H2ODatabase/H2ODatabase-Prefix.pch";
				INFOPLIST_FILE = "H2ODatabase/H2ODatabase-Info.plist";
				PRODUCT_NAME = "$(TARGET_NAME)";
				WRAPPER_EXTENSION = app;
			};
			name = Debug;
		};
		44AB813A18BC4606009E18A9 /* Release */ = {
			isa = XCBuildConfiguration;
			buildSettings = {
				ASSETCATALOG_COMPILER_APPICON_NAME = AppIcon;
				ASSETCATALOG_COMPILER_LAUNCHIMAGE_NAME = LaunchImage;
				FRAMEWORK_SEARCH_PATHS = (
					"$(inherited)",
					/Users/angelolivera/Desktop/H2ODatabase,
				);
				GCC_PRECOMPILE_PREFIX_HEADER = YES;
				GCC_PREFIX_HEADER = "H2ODatabase/H2ODatabase-Prefix.pch";
				INFOPLIST_FILE = "H2ODatabase/H2ODatabase-Info.plist";
				PRODUCT_NAME = "$(TARGET_NAME)";
				WRAPPER_EXTENSION = app;
			};
			name = Release;
		};
		44AB813C18BC4606009E18A9 /* Debug */ = {
			isa = XCBuildConfiguration;
			buildSettings = {
				ARCHS = "$(ARCHS_STANDARD_INCLUDING_64_BIT)";
				BUNDLE_LOADER = "$(BUILT_PRODUCTS_DIR)/H2ODatabase.app/H2ODatabase";
				FRAMEWORK_SEARCH_PATHS = (
					"$(SDKROOT)/Developer/Library/Frameworks",
					"$(inherited)",
					"$(DEVELOPER_FRAMEWORKS_DIR)",
				);
				GCC_PRECOMPILE_PREFIX_HEADER = YES;
				GCC_PREFIX_HEADER = "H2ODatabase/H2ODatabase-Prefix.pch";
				GCC_PREPROCESSOR_DEFINITIONS = (
					"DEBUG=1",
					"$(inherited)",
				);
				INFOPLIST_FILE = "H2ODatabaseTests/H2ODatabaseTests-Info.plist";
				PRODUCT_NAME = "$(TARGET_NAME)";
				TEST_HOST = "$(BUNDLE_LOADER)";
				WRAPPER_EXTENSION = xctest;
			};
			name = Debug;
		};
		44AB813D18BC4606009E18A9 /* Release */ = {
			isa = XCBuildConfiguration;
			buildSettings = {
				ARCHS = "$(ARCHS_STANDARD_INCLUDING_64_BIT)";
				BUNDLE_LOADER = "$(BUILT_PRODUCTS_DIR)/H2ODatabase.app/H2ODatabase";
				FRAMEWORK_SEARCH_PATHS = (
					"$(SDKROOT)/Developer/Library/Frameworks",
					"$(inherited)",
					"$(DEVELOPER_FRAMEWORKS_DIR)",
				);
				GCC_PRECOMPILE_PREFIX_HEADER = YES;
				GCC_PREFIX_HEADER = "H2ODatabase/H2ODatabase-Prefix.pch";
				INFOPLIST_FILE = "H2ODatabaseTests/H2ODatabaseTests-Info.plist";
				PRODUCT_NAME = "$(TARGET_NAME)";
				TEST_HOST = "$(BUNDLE_LOADER)";
				WRAPPER_EXTENSION = xctest;
			};
			name = Release;
		};
/* End XCBuildConfiguration section */

/* Begin XCConfigurationList section */
		44AB80F518BC4606009E18A9 /* Build configuration list for PBXProject "H2ODatabase" */ = {
			isa = XCConfigurationList;
			buildConfigurations = (
				44AB813618BC4606009E18A9 /* Debug */,
				44AB813718BC4606009E18A9 /* Release */,
			);
			defaultConfigurationIsVisible = 0;
			defaultConfigurationName = Release;
		};
		44AB813818BC4606009E18A9 /* Build configuration list for PBXNativeTarget "H2ODatabase" */ = {
			isa = XCConfigurationList;
			buildConfigurations = (
				44AB813918BC4606009E18A9 /* Debug */,
				44AB813A18BC4606009E18A9 /* Release */,
			);
			defaultConfigurationIsVisible = 0;
			defaultConfigurationName = Release;
		};
		44AB813B18BC4606009E18A9 /* Build configuration list for PBXNativeTarget "H2ODatabaseTests" */ = {
			isa = XCConfigurationList;
			buildConfigurations = (
				44AB813C18BC4606009E18A9 /* Debug */,
				44AB813D18BC4606009E18A9 /* Release */,
			);
			defaultConfigurationIsVisible = 0;
			defaultConfigurationName = Release;
		};
/* End XCConfigurationList section */

/* Begin XCVersionGroup section */
		44AB811718BC4606009E18A9 /* H2ODatabase.xcdatamodeld */ = {
			isa = XCVersionGroup;
			children = (
				44AB811818BC4606009E18A9 /* H2ODatabase.xcdatamodel */,
			);
			currentVersion = 44AB811818BC4606009E18A9 /* H2ODatabase.xcdatamodel */;
			path = H2ODatabase.xcdatamodeld;
			sourceTree = "<group>";
			versionGroupType = wrapper.xcdatamodel;
		};
/* End XCVersionGroup section */
	};
	rootObject = 44AB80F218BC4606009E18A9 /* Project object */;
}
